
Microsoft Visual Studio Solution File, Format Version 12.00
# Visual Studio Version 16
VisualStudioVersion = 16.0.30804.86
MinimumVisualStudioVersion = 10.0.40219.1
Project("{FAE04EC0-301F-11D3-BF4B-00C04F79EFBC}") = "WpfApp1", "WpfApp1\WpfApp1.csproj", "{21CB49F1-13B6-46DB-876E-A441D5967EA6}"
EndProject
Global
	GlobalSection(SolutionConfigurationPlatforms) = preSolution
		Debug|Any CPU = Debug|Any CPU
		Release|Any CPU = Release|Any CPU
	EndGlobalSection
	GlobalSection(ProjectConfigurationPlatforms) = postSolution
		{21CB49F1-13B6-46DB-876E-A441D5967EA6}.Debug|Any CPU.ActiveCfg = Debug|Any CPU
		{21CB49F1-13B6-46DB-876E-A441D5967EA6}.Debug|Any CPU.Build.0 = Debug|Any CPU
		{21CB49F1-13B6-46DB-876E-A441D5967EA6}.Release|Any CPU.ActiveCfg = Release|Any CPU
		{21CB49F1-13B6-46DB-876E-A441D5967EA6}.Release|Any CPU.Build.0 = Release|Any CPU
	EndGlobalSection
	GlobalSection(SolutionProperties) = preSolution
		HideSolutionNode = FALSE
	EndGlobalSection
	GlobalSection(ExtensibilityGlobals) = postSolution
		SolutionGuid = {B66F5D0F-B30C-4CE3-81C6-2BC3E19B6664}
	EndGlobalSection
EndGlobal
